
Microsoft Visual Studio Solution File, Format Version 12.00
# Visual Studio Version 17
VisualStudioVersion = 17.8.34525.116
MinimumVisualStudioVersion = 10.0.40219.1
Project("{9A19103F-16F7-4668-BE54-9A1E7A4F7556}") = "Scripts", "Scripts.csproj", "{53C2D236-2A84-45D7-AAAE-81516D27006A}"
EndProject
Project("{9A19103F-16F7-4668-BE54-9A1E7A4F7556}") = "Generator", "..\Generator\Generator.csproj", "{A9D95523-702C-4FC3-B540-B9E46667CDBF}"
EndProject
Project("{2150E333-8FDC-42A3-9474-1A3956D46DE8}") = "Solution Items", "Solution Items", "{26622F73-AE21-4C90-A595-031F1986082A}"
	ProjectSection(SolutionItems) = preProject
		.gitignore = .gitignore
	EndProjectSection
EndProject
Global
	GlobalSection(SolutionConfigurationPlatforms) = preSolution
		Debug|Any CPU = Debug|Any CPU
		Release|Any CPU = Release|Any CPU
	EndGlobalSection
	GlobalSection(ProjectConfigurationPlatforms) = postSolution
		{53C2D236-2A84-45D7-AAAE-81516D27006A}.Debug|Any CPU.ActiveCfg = Debug|Any CPU
		{53C2D236-2A84-45D7-AAAE-81516D27006A}.Debug|Any CPU.Build.0 = Debug|Any CPU
		{53C2D236-2A84-45D7-AAAE-81516D27006A}.Release|Any CPU.ActiveCfg = Release|Any CPU
		{53C2D236-2A84-45D7-AAAE-81516D27006A}.Release|Any CPU.Build.0 = Release|Any CPU
		{A9D95523-702C-4FC3-B540-B9E46667CDBF}.Debug|Any CPU.ActiveCfg = Debug|Any CPU
		{A9D95523-702C-4FC3-B540-B9E46667CDBF}.Debug|Any CPU.Build.0 = Debug|Any CPU
		{A9D95523-702C-4FC3-B540-B9E46667CDBF}.Release|Any CPU.ActiveCfg = Release|Any CPU
		{A9D95523-702C-4FC3-B540-B9E46667CDBF}.Release|Any CPU.Build.0 = Release|Any CPU
	EndGlobalSection
	GlobalSection(SolutionProperties) = preSolution
		HideSolutionNode = FALSE
	EndGlobalSection
	GlobalSection(ExtensibilityGlobals) = postSolution
		SolutionGuid = {E255650F-FA03-4A83-8B6A-2395545F6FD8}
	EndGlobalSection
EndGlobal
